
Microsoft Visual Studio Solution File, Format Version 12.00
# Visual Studio Version 16
VisualStudioVersion = 16.0.30523.141
MinimumVisualStudioVersion = 10.0.40219.1
Project("{9A19103F-16F7-4668-BE54-9A1E7A4F7556}") = "Prb.MathSeries.Wpf", "Prb.MathSeries.Wpf\Prb.MathSeries.Wpf.csproj", "{15DC5E78-4505-40F2-878F-C1C449C1389C}"
EndProject
Global
	GlobalSection(SolutionConfigurationPlatforms) = preSolution
		Debug|Any CPU = Debug|Any CPU
		Release|Any CPU = Release|Any CPU
	EndGlobalSection
	GlobalSection(ProjectConfigurationPlatforms) = postSolution
		{15DC5E78-4505-40F2-878F-C1C449C1389C}.Debug|Any CPU.ActiveCfg = Debug|Any CPU
		{15DC5E78-4505-40F2-878F-C1C449C1389C}.Debug|Any CPU.Build.0 = Debug|Any CPU
		{15DC5E78-4505-40F2-878F-C1C449C1389C}.Release|Any CPU.ActiveCfg = Release|Any CPU
		{15DC5E78-4505-40F2-878F-C1C449C1389C}.Release|Any CPU.Build.0 = Release|Any CPU
	EndGlobalSection
	GlobalSection(SolutionProperties) = preSolution
		HideSolutionNode = FALSE
	EndGlobalSection
	GlobalSection(ExtensibilityGlobals) = postSolution
		SolutionGuid = {9909C7A5-E23E-4D3F-B59D-8A98C9F9AD4C}
	EndGlobalSection
EndGlobal
